
Microsoft Visual Studio Solution File, Format Version 12.00
# Visual Studio 15
VisualStudioVersion = 15.0.28307.106
MinimumVisualStudioVersion = 10.0.40219.1
Project("{FAE04EC0-301F-11D3-BF4B-00C04F79EFBC}") = "FilterDataGrid", "FilterDataGrid\FilterDataGrid.csproj", "{16A9141A-770E-4BEB-9E8F-EC53B3ED90B9}"
EndProject
Project("{FAE04EC0-301F-11D3-BF4B-00C04F79EFBC}") = "DataGridExtensions", "DataGridExtensions\DataGridExtensions.csproj", "{6A20C924-0286-4539-83F0-8D9DDE4551AC}"
EndProject
Global
	GlobalSection(SolutionConfigurationPlatforms) = preSolution
		Debug|Any CPU = Debug|Any CPU
		Release|Any CPU = Release|Any CPU
	EndGlobalSection
	GlobalSection(ProjectConfigurationPlatforms) = postSolution
		{16A9141A-770E-4BEB-9E8F-EC53B3ED90B9}.Debug|Any CPU.ActiveCfg = Debug|Any CPU
		{16A9141A-770E-4BEB-9E8F-EC53B3ED90B9}.Debug|Any CPU.Build.0 = Debug|Any CPU
		{16A9141A-770E-4BEB-9E8F-EC53B3ED90B9}.Release|Any CPU.ActiveCfg = Release|Any CPU
		{16A9141A-770E-4BEB-9E8F-EC53B3ED90B9}.Release|Any CPU.Build.0 = Release|Any CPU
		{6A20C924-0286-4539-83F0-8D9DDE4551AC}.Debug|Any CPU.ActiveCfg = Debug|Any CPU
		{6A20C924-0286-4539-83F0-8D9DDE4551AC}.Debug|Any CPU.Build.0 = Debug|Any CPU
		{6A20C924-0286-4539-83F0-8D9DDE4551AC}.Release|Any CPU.ActiveCfg = Release|Any CPU
		{6A20C924-0286-4539-83F0-8D9DDE4551AC}.Release|Any CPU.Build.0 = Release|Any CPU
	EndGlobalSection
	GlobalSection(SolutionProperties) = preSolution
		HideSolutionNode = FALSE
	EndGlobalSection
	GlobalSection(ExtensibilityGlobals) = postSolution
		SolutionGuid = {077CD0A3-8A88-4DCA-BDBD-60617B5E12D1}
	EndGlobalSection
EndGlobal
